# THIS IS AN AUTOGENERATED FILE. DO NOT EDIT THIS FILE DIRECTLY.
# yarn lockfile v1


"@artdeco/clean-stack@^1.1.1":
  version "1.1.1"
  resolved "https://registry.yarnpkg.com/@artdeco/clean-stack/-/clean-stack-1.1.1.tgz#0a68b9a061b5076ebaf948c150ea26d09c1e753f"
  integrity sha512-q5lO3vGUo0WgkSqzgzjL0HQdA9t2HzQqZISuVuQWMh9xqLuiLFP/ZTsxFc8vpMl7mNpGk7Mm0OeyFQ+Evrp0Cw==

"@depack/nodejs@^1.1.4":
  version "1.1.4"
  resolved "https://registry.yarnpkg.com/@depack/nodejs/-/nodejs-1.1.4.tgz#36195f33fef7a6b9b1f93a043a52a87fac087729"
  integrity sha512-vtmNtylOPNjFkQHOgC1M8Ru9c211FgtD3sG3KGS9dvlcHDUAiNoJ52gVwOep5Tkp0I4qmwPx3oyTV6OwKchmlg==

"@externs/nodejs@^1.5.0":
  version "1.5.0"
  resolved "https://registry.yarnpkg.com/@externs/nodejs/-/nodejs-1.5.0.tgz#88ff9e7a03c53d19101ee49768e598ff0f39c9ad"
  integrity sha512-2J+FRDjGfKKldTQ5YqLmhQ04/sA9swTQ6OTtPzo4xhg41u1+eiufciXiqW6u3UXEcmm413a27NakgnLbzfp0wQ==

"@wrote/clone@^1.1.1":
  version "1.2.1"
  resolved "https://registry.yarnpkg.com/@wrote/clone/-/clone-1.2.1.tgz#112cfab56adcfe8df9341a82c48ddb0d6bd6dbc4"
  integrity sha512-V1tFKje8f+gmFDJSBnJ6xGeZQjPtUGJK2kwHdJ2o/FC6bYHDhWv8aHat5hXv8hqN0fl8TtH0ZRZ5GwLhoezfng==
  dependencies:
    "@wrote/ensure-path" "^1.0.8"
    "@wrote/read-dir-structure" "^1.2.0"
    makepromise "^3.1.0"

"@wrote/ensure-path@^1.0.6", "@wrote/ensure-path@^1.0.8":
  version "1.1.0"
  resolved "https://registry.yarnpkg.com/@wrote/ensure-path/-/ensure-path-1.1.0.tgz#2b5875dd4e215f209329c9c774702e4e67c3e07f"
  integrity sha512-yZigiFQhgAMAVrec9BoPdJzqjSBdHuCyDrAacWSHIUByxiMcmY9i/1dGM4RbGZg/bN8XWrxDDmcWLuPUmsJYFg==
  dependencies:
    makepromise "^3.1.0"

"@wrote/read-dir-structure@^1.2.0":
  version "1.3.1"
  resolved "https://registry.yarnpkg.com/@wrote/read-dir-structure/-/read-dir-structure-1.3.1.tgz#f63e2d9f8dd4b5c173b803cdc2f8d2cebd29177b"
  integrity sha512-fGf6n2k6/6S4koam4odR1Bk/2nzkP7/e5iyiwvexLQ7phdCnlwKJiLtYlFmOLHk4cavBpdwRP8NUm+sUJQDPHw==

"@wrote/read@^1.0.3":
  version "1.0.4"
  resolved "https://registry.yarnpkg.com/@wrote/read/-/read-1.0.4.tgz#b7343b3bbfb1d1b9ed35ee87e8021730f13f5fcf"
  integrity sha512-wRvv11mvywo2UIeFhvJ7SCO30hvW0P6jMBo1cAlYQOFwbdbTZYZxHdb1zz3VMF8o74W3xQAuvS78DNmA47NumQ==
  dependencies:
    catchment "^3.3.0"

"@wrote/rm@^1.1.3":
  version "1.1.5"
  resolved "https://registry.yarnpkg.com/@wrote/rm/-/rm-1.1.5.tgz#8044b45fd599554f653a447f386a658ff1259f52"
  integrity sha512-PBeEQ9GapqrBCig3wdvOLdSHhV4SMjxS9uWThCsuGeTNwE4dUb/hqmYC75acIvAd2iRFB2rmO/TyKjdLkM/tgQ==
  dependencies:
    "@wrote/read-dir-structure" "^1.2.0"
    makepromise "^3.1.0"

"@wrote/write@^1.0.3":
  version "1.0.4"
  resolved "https://registry.yarnpkg.com/@wrote/write/-/write-1.0.4.tgz#ad2c4e667b3e2bd5f37bb844d6b78b55952c391f"
  integrity sha512-zhelf+k8hMbk/FCvroJ/KwpX8Bi1lnJ9hkJITLqiCWi1vk6X74QhjdFxSaNDyiC5V1WTPJIWQ+76VB4obY7zVw==
  dependencies:
    erotic "^2.1.0"

"@zoroaster/assert@^1.0.2":
  version "1.0.2"
  resolved "https://registry.yarnpkg.com/@zoroaster/assert/-/assert-1.0.2.tgz#8ffe2ebb10c81d570d4965080f942af688321a1f"
  integrity sha512-5C0LDzW8DkiSSCLyYO9ux3R5ru65yEn/GtxH1wh7ukRhLAZ/Svx4+A81YvciXcn35B2VmvCqyiTrhNdxdgusSw==

"@zoroaster/deep-equal@^1.0.1":
  version "1.0.1"
  resolved "https://registry.yarnpkg.com/@zoroaster/deep-equal/-/deep-equal-1.0.1.tgz#7f7b72f59e54807ee23ea88e60f99165f10ca876"
  integrity sha512-Nc8v2oW+Xtw/49SbgloPkln1v/H7D4fr7HGdgKr4rpdggk8pZRF2vNLaugm6OhiKhb0OuO/gHuk8o5qjH+strA==
  dependencies:
    differently "^1.0.0"

"@zoroaster/fork@^1.4.0":
  version "1.4.0"
  resolved "https://registry.yarnpkg.com/@zoroaster/fork/-/fork-1.4.0.tgz#10bf7b8defcafe563c2158a2a988f5a0d47b3c08"
  integrity sha512-JOFXCa95gYdotxDzt0VJ/yRXT4i9Ai4MpPJhmLb8Qz79B3FQA29NSNyC02UmXQ+saSKojNbfNpqg9vwSW4KnoQ==
  dependencies:
    "@zoroaster/deep-equal" "^1.0.1"
    catchment "^3.3.0"
    erte "^1.2.0"
    forkfeed "^1.1.1"
    mismatch "^1.2.0"
    spawncommand "^2.2.0"

"@zoroaster/mask@^2.5.0":
  version "2.5.0"
  resolved "https://registry.yarnpkg.com/@zoroaster/mask/-/mask-2.5.0.tgz#de128987743d71376485ba9b34977d49e18cde92"
  integrity sha512-GuEHgVneq0MkSHBcF7YgTAuk42/pWJnvMPvbOsUXmq3m2FcSe1v788Bfw896RzZ7p6LWq11xnq48YOkhcy5jLA==

alamode@^3.3.3, alamode@^3.5.0:
  version "3.5.0"
  resolved "https://registry.yarnpkg.com/alamode/-/alamode-3.5.0.tgz#c0928b365d892c643335c9b2651ad10e32b47151"
  integrity sha512-kuhhCIqHMwiMGSKqE+F//SLgxffkhtT0QFp+8XahzYVwvsxwg9gbtCGriKawEBxeHpU9v3s0jp9qpYzlDUdKFg==

assert-throws@^3.3.0:
  version "3.3.0"
  resolved "https://registry.yarnpkg.com/assert-throws/-/assert-throws-3.3.0.tgz#aadf7caaf9e69a2a55835f3c38b741139e3d1ddd"
  integrity sha512-pbSbwdGO8OrEqTPSJnf3GZ2wpcimv826z69K/I4WOjsRuF6le4yYnOv5wdJgy6zc4MRikbmfK7Oj2LHSh6QGuQ==
  dependencies:
    erotic "^2.1.1"
    erte "^1.2.0"

catchment@^3.2.3, catchment@^3.3.0:
  version "3.3.0"
  resolved "https://registry.yarnpkg.com/catchment/-/catchment-3.3.0.tgz#e57eb70183d6a75ee71da0cb8ec2e76ac01317d2"
  integrity sha512-PACm54CBCUZv1uEOMyNiB6i0kkDMdDN0+VYXIQAaeZMDcjudyPccgpYLWQfGCwCW/Q9SOfD6MyBLmxL3qh7V3A==
  dependencies:
    "@artdeco/clean-stack" "^1.1.1"
    erotic "^2.1.0"

depack@^1.1.1:
  version "1.1.1"
  resolved "https://registry.yarnpkg.com/depack/-/depack-1.1.1.tgz#92773b5637b923f7734a7e2309d9f05d10abc655"
  integrity sha512-/sOJfu26agc2KFzqCpvwpEmbVlbOUXJ7oSWcL/fLrw3IybrF5F8DvaMPrikZ0+HdV2nFW2TFmN0WJAEYCExNAQ==
  dependencies:
    "@depack/nodejs" "^1.1.4"
    "@externs/nodejs" "^1.5.0"

differently@^1.0.0:
  version "1.0.1"
  resolved "https://registry.yarnpkg.com/differently/-/differently-1.0.1.tgz#1a5c158fd98c686f9310a05899a59ac1a4bd6d08"
  integrity sha512-J19iW+g47ww6ReGwZrthgeHQlKLN02zHAXPwG21BHCi8G03qv1G9YGrqYDmwws9uvtKRBY9b91DhJ4VbfWFNQQ==
  dependencies:
    erte "^1.2.0"

documentary@^1.37.0:
  version "1.37.0"
  resolved "https://registry.yarnpkg.com/documentary/-/documentary-1.37.0.tgz#901039214974d6e77c41ea2680ecfec14d82442f"
  integrity sha512-6ENYPKOY4AW/qPjZdTyQMtDow73IuYGrFBj+PtoUvWB4XRok7OvoqZeDROoLK1158uJEjJCoLOkcjaKnOPdXhQ==
  dependencies:
    alamode "^3.5.0"
    preact "8.5.3"
    typal "^1.26.2"

erotic@^2.1.0, erotic@^2.1.1:
  version "2.1.1"
  resolved "https://registry.yarnpkg.com/erotic/-/erotic-2.1.1.tgz#97f20c2d6e7fd2ec6f7996823009d3ac8ae7157f"
  integrity sha512-S1ns+uibigdXxxzqiO5VNZw3d0YNrVb4jZ7OUAklO4722/ytp+nta6txsUhYmnIEI0TF7jjXNjGvcmw0I/Rs7A==
  dependencies:
    "@artdeco/clean-stack" "^1.1.1"

erte@^1.2.0:
  version "1.2.0"
  resolved "https://registry.yarnpkg.com/erte/-/erte-1.2.0.tgz#8b7dbf6ad822d96f071947d20d5f440623f10769"
  integrity sha512-saxyNviRCvFENCyZ66O58cY8icaraVeQOgGks6ujsBeS7zf3yyjXrhyfMpERZo7SJH1KKdXcSQqgemxW6eIpjA==

eslint-config-artdeco@1.0.1:
  version "1.0.1"
  resolved "https://registry.yarnpkg.com/eslint-config-artdeco/-/eslint-config-artdeco-1.0.1.tgz#4451c9d0ed1ce4d33dfd43a6315f12c8bfb04274"
  integrity sha1-RFHJ0O0c5NM9/UOmMV8SyL+wQnQ=

forkfeed@^1.1.1:
  version "1.1.1"
  resolved "https://registry.yarnpkg.com/forkfeed/-/forkfeed-1.1.1.tgz#4f7ead1264d8adf5fa9450a4db70940ad782a532"
  integrity sha512-IfMY73d7Ezyyfo6IfE1+gcWUf9d+z+QJ6LmMIRrtl6N5PGI7DLP1oPLaF5RnsoCTCa7VwIk/0KSlahU/m3w8pA==

makepromise@^3.0.3, makepromise@^3.1.0:
  version "3.2.0"
  resolved "https://registry.yarnpkg.com/makepromise/-/makepromise-3.2.0.tgz#5967d982e01cdc5d044c544489c9e2a7abebc3b0"
  integrity sha512-Hb8mGdLkE/rba1McbPdQl3NU86ovEm3RXhKFsuxUQ2SxLfMOXP5aES/2BLVWigpS0hoBy0NBIYnHHvouLdDuzg==
  dependencies:
    erotic "^2.1.0"

mismatch@^1.2.0:
  version "1.2.0"
  resolved "https://registry.yarnpkg.com/mismatch/-/mismatch-1.2.0.tgz#3f5021861e8084e36a14c2c1f9489941cd18f790"
  integrity sha512-kuw1k8ZHS+12fBVAVOBXMBJBXcNGnByFTJIDzH4W4v84OocejZ/qzxmT4ll9CLX5OD23NXr+NvrQDus0BsQ8xw==

pedantry@^2.3.1:
  version "2.5.2"
  resolved "https://registry.yarnpkg.com/pedantry/-/pedantry-2.5.2.tgz#631adc950b36ac5790b9dbca3e24ccbeb572f778"
  integrity sha512-seZWm7tMjRMThtI4rON3u8DyKW3//a7dFfGMt0hj1R/TvlLVLOe3+T2HunKgh51gt71fxYTfbi0DkvUkZh0Qrg==

preact@8.5.3:
  version "8.5.3"
  resolved "https://registry.yarnpkg.com/preact/-/preact-8.5.3.tgz#78c2a5562fcecb1fed1d0055fa4ac1e27bde17c1"
  integrity sha512-O3kKP+1YdgqHOFsZF2a9JVdtqD+RPzCQc3rP+Ualf7V6rmRDchZ9MJbiGTT7LuyqFKZqlHSOyO/oMFmI2lVTsw==

promto@^1.1.2:
  version "1.2.0"
  resolved "https://registry.yarnpkg.com/promto/-/promto-1.2.0.tgz#fab897b6435a1386cf20eba0c133cdd878c6706a"
  integrity sha512-vAsViAolRK4QGKtESdOmvQRDNZuw90MI1Ha9PnFXyGI/1BRZ7t3CESacBMzPUG5dXDUPgbjOxe9B3mZAl540OA==

reloquent@^1.3.2:
  version "1.3.2"
  resolved "https://registry.yarnpkg.com/reloquent/-/reloquent-1.3.2.tgz#66996e8c65acf5e427490fa5f68eaf7948943a62"
  integrity sha512-l0upTSJW73CriMZXAMvg1ZCGNSj7WXh0+EgBIsNmv50dEzBt7AfzbIafgCC7d37YHXbYhFuSEByvM0Hr5I8yxQ==
  dependencies:
    promto "^1.1.2"

spawncommand@^2.2.0:
  version "2.2.0"
  resolved "https://registry.yarnpkg.com/spawncommand/-/spawncommand-2.2.0.tgz#545791d135482bd5428c9de1e889305abde42889"
  integrity sha512-WTmgdPAoXKgb4DyYArazcpR6KUcRMhXbSN3c1jE/QvX8jMkAV9/WI6yrJBsPL9q3sEfXjPyoat+/0yYYm8i+9w==
  dependencies:
    catchment "^3.3.0"

temp-context@^2.1.3:
  version "2.1.3"
  resolved "https://registry.yarnpkg.com/temp-context/-/temp-context-2.1.3.tgz#278502e47a2aa717334d5d84f18657ea42d7512c"
  integrity sha512-x5Zoj1X1OJe/2RNbPJwVLbhFs0Gu8552E8VBAEZH+vLxARdUb1Kf5RXIdX6VZBMmgRpN1NXEXJsMcNirIHubeA==
  dependencies:
    "@wrote/clone" "^1.1.1"
    "@wrote/ensure-path" "^1.0.6"
    "@wrote/read" "^1.0.3"
    "@wrote/rm" "^1.1.3"
    "@wrote/write" "^1.0.3"
    catchment "^3.2.3"
    makepromise "^3.0.3"
    pedantry "^2.3.1"

typal@^1.26.2:
  version "1.26.2"
  resolved "https://registry.yarnpkg.com/typal/-/typal-1.26.2.tgz#081ae64710cdb2ccb593280a874372f945182c7f"
  integrity sha512-ljiVBveC6U4a83g0NBGW2JaYHT7bsUitxYtaznQAHppGgG8XScx4oZjd6zaqv0QpfOb6MMmqrMLGuGG2xl/xgw==

yarn-s@1.2.3:
  version "1.2.3"
  resolved "https://registry.yarnpkg.com/yarn-s/-/yarn-s-1.2.3.tgz#ec8fac3bca62c4c970b7e88eef98a5f01c421dab"
  integrity sha512-XNV6KYcT6LCLlogwbArTrn8wlqYVnlR+MqAZULxNVaShw7qrBx5PjsNSIMbKFIRxPKdjisv7O8oBg9mWY63Tvw==

zoroaster@^4.3.0:
  version "4.3.0"
  resolved "https://registry.yarnpkg.com/zoroaster/-/zoroaster-4.3.0.tgz#fd234d249471cb3100fc71e92d6d275ed3059c11"
  integrity sha512-OGZuacxTM6TT8n/wCcDTO7p8mAioBxztTofXqh6ck2tJ3UNFdlKN1UYwU2V6go+v4/tH8jZE1jf+sIMFrH4RkA==
  dependencies:
    "@zoroaster/assert" "^1.0.2"
    "@zoroaster/mask" "^2.5.0"
    alamode "^3.3.3"
